
Microsoft Visual Studio Solution File, Format Version 12.00
# Visual Studio Version 16
VisualStudioVersion = 16.0.31025.194
MinimumVisualStudioVersion = 10.0.40219.1
Project("{F2A71F9B-5D33-465A-A702-920D77279786}") = "BankAPP", "BankAPP.fsproj", "{04694D6A-9F84-46DA-BAD1-8ECB609AA86E}"
EndProject
Global
	GlobalSection(SolutionConfigurationPlatforms) = preSolution
		Debug|Any CPU = Debug|Any CPU
		Release|Any CPU = Release|Any CPU
	EndGlobalSection
	GlobalSection(ProjectConfigurationPlatforms) = postSolution
		{04694D6A-9F84-46DA-BAD1-8ECB609AA86E}.Debug|Any CPU.ActiveCfg = Debug|Any CPU
		{04694D6A-9F84-46DA-BAD1-8ECB609AA86E}.Debug|Any CPU.Build.0 = Debug|Any CPU
		{04694D6A-9F84-46DA-BAD1-8ECB609AA86E}.Release|Any CPU.ActiveCfg = Release|Any CPU
		{04694D6A-9F84-46DA-BAD1-8ECB609AA86E}.Release|Any CPU.Build.0 = Release|Any CPU
	EndGlobalSection
	GlobalSection(SolutionProperties) = preSolution
		HideSolutionNode = FALSE
	EndGlobalSection
	GlobalSection(ExtensibilityGlobals) = postSolution
		SolutionGuid = {14BA2D01-B7DF-4A74-B058-38D07BDE3E5B}
	EndGlobalSection
EndGlobal
